github.com/gorilla/websocket v0.0.0-20140510135410-10a95d14a3a2 h1:7iqIgQ2IJoPJZvmdXJOsOLLWrZ8hGAZLFJLTzBfZnkE=
github.com/gorilla/websocket v0.0.0-20140510135410-10a95d14a3a2/go.mod h1:E7qHFY5m1UJ88s3WnNqhKjPHQ0heANvMoAMk2YaljkQ=
github.com/gorilla/websocket v1.5.0 h1:PPwGk2jz7EePpoHN/+ClbZu8SPxiqlu12wZP/3sWmnc=
github.com/gorilla/websocket v1.5.0/go.mod h1:YR8l580nyteQvAITg2hZ9XVh4b55+EU/adAjf1fMHhE=
